
Microsoft Visual Studio Solution File, Format Version 12.00
# Visual Studio 15
VisualStudioVersion = 15.0.27004.2006
MinimumVisualStudioVersion = 10.0.40219.1
Project("{FAE04EC0-301F-11D3-BF4B-00C04F79EFBC}") = "SpotifyPlaylistComparer", "SpotifyPlaylistComparer\SpotifyPlaylistComparer.csproj", "{A0A78CDC-CF6B-439F-81FA-16B39DA2DBBE}"
EndProject
Global
	GlobalSection(SolutionConfigurationPlatforms) = preSolution
		Debug|Any CPU = Debug|Any CPU
		Release|Any CPU = Release|Any CPU
	EndGlobalSection
	GlobalSection(ProjectConfigurationPlatforms) = postSolution
		{A0A78CDC-CF6B-439F-81FA-16B39DA2DBBE}.Debug|Any CPU.ActiveCfg = Debug|Any CPU
		{A0A78CDC-CF6B-439F-81FA-16B39DA2DBBE}.Debug|Any CPU.Build.0 = Debug|Any CPU
		{A0A78CDC-CF6B-439F-81FA-16B39DA2DBBE}.Release|Any CPU.ActiveCfg = Release|Any CPU
		{A0A78CDC-CF6B-439F-81FA-16B39DA2DBBE}.Release|Any CPU.Build.0 = Release|Any CPU
	EndGlobalSection
	GlobalSection(SolutionProperties) = preSolution
		HideSolutionNode = FALSE
	EndGlobalSection
	GlobalSection(ExtensibilityGlobals) = postSolution
		SolutionGuid = {2B5573BF-5096-4C44-A816-21D4CFCAD72E}
	EndGlobalSection
EndGlobal
